# THIS IS AN AUTOGENERATED FILE. DO NOT EDIT THIS FILE DIRECTLY.
# yarn lockfile v1


"@github/webauthn-json@^0.5.7":
  version "0.5.7"
  resolved "https://registry.yarnpkg.com/@github/webauthn-json/-/webauthn-json-0.5.7.tgz#143bc67f6e0f75f8d188e565741507bb08c31214"
  integrity sha512-SUYsttDxFSvWvvJssJpwzjmRCqYfdfqC9VCmAHQYfdKCVelyJteCHo9/lK1CB72mx/jrl6cFNY08aua4J2jIyg==

"@rails/actioncable@^6.1.4-1":
  version "6.1.4-1"
  resolved "https://registry.yarnpkg.com/@rails/actioncable/-/actioncable-6.1.4-1.tgz#69982e7f352d732f71fda0cc01b7ba8269c9945b"
  integrity sha512-b6sLoMop3gX22Wm2P5LPpKcZGwsf1ZoAGS+g1HrTrdlsZ/ENOKIBiSNnHOJajHwcYlF0TefBs7e7jIYZHVYihQ==

"@rails/activestorage@^6.1.4-1":
  version "6.1.4-1"
  resolved "https://registry.yarnpkg.com/@rails/activestorage/-/activestorage-6.1.4-1.tgz#5088854f536716c54566b530a97491d4b885528f"
  integrity sha512-G8L/3o1T8wJXrn24uoBi92XX/S/qPVgP1polNJ5ao03mdU/8tbtW0wWr0MTro4W/zGL23gjZjp2oge4qUTZjDw==
  dependencies:
    spark-md5 "^3.0.0"

"@rails/ujs@^6.1.4-1":
  version "6.1.4-1"
  resolved "https://registry.yarnpkg.com/@rails/ujs/-/ujs-6.1.4-1.tgz#37507fe288a1c7c3a593602aa4dea42e5cb5797f"
  integrity sha512-Fewm2wHk1n6Kf4E86dzzHDJOFg4EWcSHH3FsMEGs59bTdmf7099mjkOssOQtBqju4R39iaAOQNui7r8P+Q5Dgg==

axios@^0.24.0:
  version "0.24.0"
  resolved "https://registry.yarnpkg.com/axios/-/axios-0.24.0.tgz#804e6fa1e4b9c5288501dd9dff56a7a0940d20d6"
  integrity sha512-Q6cWsys88HoPgAaFAVUb0WpPk0O8iTeisR9IMqy9G8AbO4NlpVknrnQS03zzF9PGAWgO3cgletO3VjV/P7VztA==
  dependencies:
    follow-redirects "^1.14.4"

follow-redirects@^1.14.4:
  version "1.14.5"
  resolved "https://registry.yarnpkg.com/follow-redirects/-/follow-redirects-1.14.5.tgz#f09a5848981d3c772b5392309778523f8d85c381"
  integrity sha512-wtphSXy7d4/OR+MvIFbCVBDzZ5520qV8XfPklSN5QtxuMUJZ+b0Wnst1e1lCDocfzuCkHqj8k0FpZqO+UIaKNA==

jquery@^3.6.0:
  version "3.6.0"
  resolved "https://registry.yarnpkg.com/jquery/-/jquery-3.6.0.tgz#c72a09f15c1bdce142f49dbf1170bdf8adac2470"
  integrity sha512-JVzAR/AjBvVt2BmYhxRCSYysDsPcssdmTFnzyLEts9qNwmjmu4JTAMYubEfwVOSwpQ1I1sKKFcxhZCI2buerfw==

regenerator-runtime@^0.13.7:
  version "0.13.9"
  resolved "https://registry.yarnpkg.com/regenerator-runtime/-/regenerator-runtime-0.13.9.tgz#8925742a98ffd90814988d7566ad30ca3b263b52"
  integrity sha512-p3VT+cOEgxFsRRA9X4lkI1E+k2/CtnKtU4gcxyaCUreilL/vqI6CdZ3wxVUx3UOUg+gnUOQQcRI7BmSI656MYA==

spark-md5@^3.0.0:
  version "3.0.2"
  resolved "https://registry.yarnpkg.com/spark-md5/-/spark-md5-3.0.2.tgz#7952c4a30784347abcee73268e473b9c0167e3fc"
  integrity sha512-wcFzz9cDfbuqe0FZzfi2or1sgyIrsDwmPwfZC4hiNidPdPINjeUwNfv5kldczoEAcjl9Y1L3SM7Uz2PUEQzxQw==

turbolinks@^5.2.0:
  version "5.2.0"
  resolved "https://registry.yarnpkg.com/turbolinks/-/turbolinks-5.2.0.tgz#e6877a55ea5c1cb3bb225f0a4ae303d6d32ff77c"
  integrity sha512-pMiez3tyBo6uRHFNNZoYMmrES/IaGgMhQQM+VFF36keryjb5ms0XkVpmKHkfW/4Vy96qiGW3K9bz0tF5sK9bBw==
